
Microsoft Visual Studio Solution File, Format Version 12.00
# Visual Studio Version 17
VisualStudioVersion = 17.14.36121.58 d17.14
MinimumVisualStudioVersion = 10.0.40219.1
Project("{FAE04EC0-301F-11D3-BF4B-00C04F79EFBC}") = "SecureVoting.API", "SecureVoting.API\SecureVoting.API.csproj", "{805CE770-AC7B-4B76-B899-FB3C822561E5}"
EndProject
Global
	GlobalSection(SolutionConfigurationPlatforms) = preSolution
		Debug|Any CPU = Debug|Any CPU
		Release|Any CPU = Release|Any CPU
	EndGlobalSection
	GlobalSection(ProjectConfigurationPlatforms) = postSolution
		{805CE770-AC7B-4B76-B899-FB3C822561E5}.Debug|Any CPU.ActiveCfg = Debug|Any CPU
		{805CE770-AC7B-4B76-B899-FB3C822561E5}.Debug|Any CPU.Build.0 = Debug|Any CPU
		{805CE770-AC7B-4B76-B899-FB3C822561E5}.Release|Any CPU.ActiveCfg = Release|Any CPU
		{805CE770-AC7B-4B76-B899-FB3C822561E5}.Release|Any CPU.Build.0 = Release|Any CPU
	EndGlobalSection
	GlobalSection(SolutionProperties) = preSolution
		HideSolutionNode = FALSE
	EndGlobalSection
	GlobalSection(ExtensibilityGlobals) = postSolution
		SolutionGuid = {BC3DE48A-9E76-4FD8-8533-8E020494F996}
	EndGlobalSection
EndGlobal
